// !$*UTF8*$!
{
	archiveVersion = 1;
	classes = {
	};
	objectVersion = 56;
	objects = {

/* Begin PBXBuildFile section */
		39236F4F29DC68D5009DCCF4 /* MapViewController.swift in Sources */ = {isa = PBXBuildFile; fileRef = 39236F4E29DC68D5009DCCF4 /* MapViewController.swift */; };
		393F08432987AA3400CE88E4 /* SignUpViewController.swift in Sources */ = {isa = PBXBuildFile; fileRef = 393F08422987AA3400CE88E4 /* SignUpViewController.swift */; };
		394EFBAE2A16561C0030509C /* RecommendCityCell.swift in Sources */ = {isa = PBXBuildFile; fileRef = 394EFBAD2A16561C0030509C /* RecommendCityCell.swift */; };
		3954A1CD2A0B5EFA008F512A /* HomeViewController.swift in Sources */ = {isa = PBXBuildFile; fileRef = 3954A1CC2A0B5EFA008F512A /* HomeViewController.swift */; };
		396AF7DF29FA6293006B0CCD /* VisitedCitiesViewController.swift in Sources */ = {isa = PBXBuildFile; fileRef = 396AF7DE29FA6293006B0CCD /* VisitedCitiesViewController.swift */; };
		396AF7E329FA7260006B0CCD /* RecommendCityViewController.swift in Sources */ = {isa = PBXBuildFile; fileRef = 396AF7E229FA7260006B0CCD /* RecommendCityViewController.swift */; };
		396EC0902A42BAF90076C993 /* TripPlanningViewController.swift in Sources */ = {isa = PBXBuildFile; fileRef = 396EC08F2A42BAF90076C993 /* TripPlanningViewController.swift */; };
		396EC0972A436CA50076C993 /* PlanningCitiesTableViewController.swift in Sources */ = {isa = PBXBuildFile; fileRef = 396EC0962A436CA50076C993 /* PlanningCitiesTableViewController.swift */; };
		396EC0992A43DFF20076C993 /* SearchingViewController.swift in Sources */ = {isa = PBXBuildFile; fileRef = 396EC0982A43DFF20076C993 /* SearchingViewController.swift */; };
		39712CA629FA252C006963FE /* TabBarController.swift in Sources */ = {isa = PBXBuildFile; fileRef = 39712CA529FA252C006963FE /* TabBarController.swift */; };
		39B45C992A43F9270058FE1A /* GallryViewController.swift in Sources */ = {isa = PBXBuildFile; fileRef = 39B45C982A43F9270058FE1A /* GallryViewController.swift */; };
		39B45C9B2A43FF310058FE1A /* GalleryViewCell.swift in Sources */ = {isa = PBXBuildFile; fileRef = 39B45C9A2A43FF310058FE1A /* GalleryViewCell.swift */; };
		39B45CA02A441B950058FE1A /* DetailGalleryViewController.swift in Sources */ = {isa = PBXBuildFile; fileRef = 39B45C9F2A441B950058FE1A /* DetailGalleryViewController.swift */; };
		39B45CA22A441CD50058FE1A /* DetailImage.swift in Sources */ = {isa = PBXBuildFile; fileRef = 39B45CA12A441CD50058FE1A /* DetailImage.swift */; };
		39B45CA42A442ED90058FE1A /* RecommendRegionsViewController.swift in Sources */ = {isa = PBXBuildFile; fileRef = 39B45CA32A442ED90058FE1A /* RecommendRegionsViewController.swift */; };
		39B45CA62A442EF70058FE1A /* RecommendRegionsCollectionViewCell.swift in Sources */ = {isa = PBXBuildFile; fileRef = 39B45CA52A442EF70058FE1A /* RecommendRegionsCollectionViewCell.swift */; };
		39D212FC296BCB620023D0CF /* AppDelegate.swift in Sources */ = {isa = PBXBuildFile; fileRef = 39D212FB296BCB620023D0CF /* AppDelegate.swift */; };
		39D212FE296BCB620023D0CF /* SceneDelegate.swift in Sources */ = {isa = PBXBuildFile; fileRef = 39D212FD296BCB620023D0CF /* SceneDelegate.swift */; };
		39D21300296BCB620023D0CF /* SignInViewController.swift in Sources */ = {isa = PBXBuildFile; fileRef = 39D212FF296BCB620023D0CF /* SignInViewController.swift */; };
		39D21303296BCB620023D0CF /* Main.storyboard in Resources */ = {isa = PBXBuildFile; fileRef = 39D21301296BCB620023D0CF /* Main.storyboard */; };
		39D21305296BCB640023D0CF /* Assets.xcassets in Resources */ = {isa = PBXBuildFile; fileRef = 39D21304296BCB640023D0CF /* Assets.xcassets */; };
		39D21308296BCB640023D0CF /* LaunchScreen.storyboard in Resources */ = {isa = PBXBuildFile; fileRef = 39D21306296BCB640023D0CF /* LaunchScreen.storyboard */; };
		39E9DD162A0CCDDD00F1AD86 /* VisitedPlacesViewController.swift in Sources */ = {isa = PBXBuildFile; fileRef = 39E9DD152A0CCDDD00F1AD86 /* VisitedPlacesViewController.swift */; };
		6CDECCFA660C84806F858C74 /* Pods_BangBangGokGok.framework in Frameworks */ = {isa = PBXBuildFile; fileRef = 62B1330CED7E8E8D7FF2BDC9 /* Pods_BangBangGokGok.framework */; };
/* End PBXBuildFile section */

/* Begin PBXFileReference section */
		39236F4E29DC68D5009DCCF4 /* MapViewController.swift */ = {isa = PBXFileReference; lastKnownFileType = sourcecode.swift; path = MapViewController.swift; sourceTree = "<group>"; };
		393F08422987AA3400CE88E4 /* SignUpViewController.swift */ = {isa = PBXFileReference; lastKnownFileType = sourcecode.swift; path = SignUpViewController.swift; sourceTree = "<group>"; };
		394EFBAD2A16561C0030509C /* RecommendCityCell.swift */ = {isa = PBXFileReference; lastKnownFileType = sourcecode.swift; path = RecommendCityCell.swift; sourceTree = "<group>"; };
		3954A1CC2A0B5EFA008F512A /* HomeViewController.swift */ = {isa = PBXFileReference; lastKnownFileType = sourcecode.swift; name = HomeViewController.swift; path = BangBangGokGok/Model/HomeViewController.swift; sourceTree = SOURCE_ROOT; };
		396AF7DE29FA6293006B0CCD /* VisitedCitiesViewController.swift */ = {isa = PBXFileReference; lastKnownFileType = sourcecode.swift; path = VisitedCitiesViewController.swift; sourceTree = "<group>"; };
		396AF7E229FA7260006B0CCD /* RecommendCityViewController.swift */ = {isa = PBXFileReference; lastKnownFileType = sourcecode.swift; path = RecommendCityViewController.swift; sourceTree = "<group>"; };
		396EC08F2A42BAF90076C993 /* TripPlanningViewController.swift */ = {isa = PBXFileReference; lastKnownFileType = sourcecode.swift; path = TripPlanningViewController.swift; sourceTree = "<group>"; };
		396EC0962A436CA50076C993 /* PlanningCitiesTableViewController.swift */ = {isa = PBXFileReference; lastKnownFileType = sourcecode.swift; path = PlanningCitiesTableViewController.swift; sourceTree = "<group>"; };
		396EC0982A43DFF20076C993 /* SearchingViewController.swift */ = {isa = PBXFileReference; lastKnownFileType = sourcecode.swift; path = SearchingViewController.swift; sourceTree = "<group>"; };
		39712CA529FA252C006963FE /* TabBarController.swift */ = {isa = PBXFileReference; lastKnownFileType = sourcecode.swift; path = TabBarController.swift; sourceTree = "<group>"; };
		39B45C982A43F9270058FE1A /* GallryViewController.swift */ = {isa = PBXFileReference; lastKnownFileType = sourcecode.swift; name = GallryViewController.swift; path = Pods/GallryViewController.swift; sourceTree = SOURCE_ROOT; };
		39B45C9A2A43FF310058FE1A /* GalleryViewCell.swift */ = {isa = PBXFileReference; lastKnownFileType = sourcecode.swift; path = GalleryViewCell.swift; sourceTree = "<group>"; };
		39B45C9F2A441B950058FE1A /* DetailGalleryViewController.swift */ = {isa = PBXFileReference; lastKnownFileType = sourcecode.swift; path = DetailGalleryViewController.swift; sourceTree = "<group>"; };
		39B45CA12A441CD50058FE1A /* DetailImage.swift */ = {isa = PBXFileReference; lastKnownFileType = sourcecode.swift; path = DetailImage.swift; sourceTree = "<group>"; };
		39B45CA32A442ED90058FE1A /* RecommendRegionsViewController.swift */ = {isa = PBXFileReference; lastKnownFileType = sourcecode.swift; path = RecommendRegionsViewController.swift; sourceTree = "<group>"; };
		39B45CA52A442EF70058FE1A /* RecommendRegionsCollectionViewCell.swift */ = {isa = PBXFileReference; lastKnownFileType = sourcecode.swift; path = RecommendRegionsCollectionViewCell.swift; sourceTree = "<group>"; };
		39D212F8296BCB620023D0CF /* BangBangGokGok.app */ = {isa = PBXFileReference; explicitFileType = wrapper.application; includeInIndex = 0; path = BangBangGokGok.app; sourceTree = BUILT_PRODUCTS_DIR; };
		39D212FB296BCB620023D0CF /* AppDelegate.swift */ = {isa = PBXFileReference; lastKnownFileType = sourcecode.swift; path = AppDelegate.swift; sourceTree = "<group>"; };
		39D212FD296BCB620023D0CF /* SceneDelegate.swift */ = {isa = PBXFileReference; lastKnownFileType = sourcecode.swift; path = SceneDelegate.swift; sourceTree = "<group>"; };
		39D212FF296BCB620023D0CF /* SignInViewController.swift */ = {isa = PBXFileReference; lastKnownFileType = sourcecode.swift; path = SignInViewController.swift; sourceTree = "<group>"; };
		39D21302296BCB620023D0CF /* Base */ = {isa = PBXFileReference; lastKnownFileType = file.storyboard; name = Base; path = Base.lproj/Main.storyboard; sourceTree = "<group>"; };
		39D21304296BCB640023D0CF /* Assets.xcassets */ = {isa = PBXFileReference; lastKnownFileType = folder.assetcatalog; path = Assets.xcassets; sourceTree = "<group>"; };
		39D21307296BCB640023D0CF /* Base */ = {isa = PBXFileReference; lastKnownFileType = file.storyboard; name = Base; path = Base.lproj/LaunchScreen.storyboard; sourceTree = "<group>"; };
		39D21309296BCB640023D0CF /* Info.plist */ = {isa = PBXFileReference; lastKnownFileType = text.plist.xml; path = Info.plist; sourceTree = "<group>"; };
		39E9DD152A0CCDDD00F1AD86 /* VisitedPlacesViewController.swift */ = {isa = PBXFileReference; lastKnownFileType = sourcecode.swift; path = VisitedPlacesViewController.swift; sourceTree = "<group>"; };
		5937E161A9B3601331412BE6 /* Pods-BangBangGokGok.release.xcconfig */ = {isa = PBXFileReference; includeInIndex = 1; lastKnownFileType = text.xcconfig; name = "Pods-BangBangGokGok.release.xcconfig"; path = "Target Support Files/Pods-BangBangGokGok/Pods-BangBangGokGok.release.xcconfig"; sourceTree = "<group>"; };
		62B1330CED7E8E8D7FF2BDC9 /* Pods_BangBangGokGok.framework */ = {isa = PBXFileReference; explicitFileType = wrapper.framework; includeInIndex = 0; path = Pods_BangBangGokGok.framework; sourceTree = BUILT_PRODUCTS_DIR; };
		A17C96D363C383ECAB1A8CB6 /* Pods-BangBangGokGok.debug.xcconfig */ = {isa = PBXFileReference; includeInIndex = 1; lastKnownFileType = text.xcconfig; name = "Pods-BangBangGokGok.debug.xcconfig"; path = "Target Support Files/Pods-BangBangGokGok/Pods-BangBangGokGok.debug.xcconfig"; sourceTree = "<group>"; };
/* End PBXFileReference section */

/* Begin PBXFrameworksBuildPhase section */
		39D212F5296BCB620023D0CF /* Frameworks */ = {
			isa = PBXFrameworksBuildPhase;
			buildActionMask = 2147483647;
			files = (
				6CDECCFA660C84806F858C74 /* Pods_BangBangGokGok.framework in Frameworks */,
			);
			runOnlyForDeploymentPostprocessing = 0;
		};
/* End PBXFrameworksBuildPhase section */

/* Begin PBXGroup section */
		3954A1CA2A0B5E97008F512A /* View */ = {
			isa = PBXGroup;
			children = (
				39B45CA32A442ED90058FE1A /* RecommendRegionsViewController.swift */,
				39B45CA52A442EF70058FE1A /* RecommendRegionsCollectionViewCell.swift */,
				39B45C982A43F9270058FE1A /* GallryViewController.swift */,
				396EC0982A43DFF20076C993 /* SearchingViewController.swift */,
				396EC08F2A42BAF90076C993 /* TripPlanningViewController.swift */,
				394EFBAD2A16561C0030509C /* RecommendCityCell.swift */,
				39B45C9A2A43FF310058FE1A /* GalleryViewCell.swift */,
				396AF7DE29FA6293006B0CCD /* VisitedCitiesViewController.swift */,
				39E9DD152A0CCDDD00F1AD86 /* VisitedPlacesViewController.swift */,
				39D212FF296BCB620023D0CF /* SignInViewController.swift */,
				396AF7E229FA7260006B0CCD /* RecommendCityViewController.swift */,
				39712CA529FA252C006963FE /* TabBarController.swift */,
				39236F4E29DC68D5009DCCF4 /* MapViewController.swift */,
				393F08422987AA3400CE88E4 /* SignUpViewController.swift */,
				3954A1CC2A0B5EFA008F512A /* HomeViewController.swift */,
				396EC0962A436CA50076C993 /* PlanningCitiesTableViewController.swift */,
				39B45C9F2A441B950058FE1A /* DetailGalleryViewController.swift */,
			);
			path = View;
			sourceTree = "<group>";
		};
		3954A1CB2A0B5EB2008F512A /* Model */ = {
			isa = PBXGroup;
			children = (
				39B45CA12A441CD50058FE1A /* DetailImage.swift */,
			);
			path = Model;
			sourceTree = "<group>";
		};
		39D212EF296BCB620023D0CF = {
			isa = PBXGroup;
			children = (
				39D212FA296BCB620023D0CF /* BangBangGokGok */,
				39D212F9296BCB620023D0CF /* Products */,
				CFF407291E2AB06E0241DC86 /* Pods */,
				BFDEEE30DA88FEFFD67A0B8A /* Frameworks */,
			);
			sourceTree = "<group>";
		};
		39D212F9296BCB620023D0CF /* Products */ = {
			isa = PBXGroup;
			children = (
				39D212F8296BCB620023D0CF /* BangBangGokGok.app */,
			);
			name = Products;
			sourceTree = "<group>";
		};
		39D212FA296BCB620023D0CF /* BangBangGokGok */ = {
			isa = PBXGroup;
			children = (
				39D21301296BCB620023D0CF /* Main.storyboard */,
				39D21306296BCB640023D0CF /* LaunchScreen.storyboard */,
				3954A1CB2A0B5EB2008F512A /* Model */,
				3954A1CA2A0B5E97008F512A /* View */,
				39D212FB296BCB620023D0CF /* AppDelegate.swift */,
				39D212FD296BCB620023D0CF /* SceneDelegate.swift */,
				39D21304296BCB640023D0CF /* Assets.xcassets */,
				39D21309296BCB640023D0CF /* Info.plist */,
			);
			path = BangBangGokGok;
			sourceTree = "<group>";
		};
		BFDEEE30DA88FEFFD67A0B8A /* Frameworks */ = {
			isa = PBXGroup;
			children = (
				62B1330CED7E8E8D7FF2BDC9 /* Pods_BangBangGokGok.framework */,
			);
			name = Frameworks;
			sourceTree = "<group>";
		};
		CFF407291E2AB06E0241DC86 /* Pods */ = {
			isa = PBXGroup;
			children = (
				A17C96D363C383ECAB1A8CB6 /* Pods-BangBangGokGok.debug.xcconfig */,
				5937E161A9B3601331412BE6 /* Pods-BangBangGokGok.release.xcconfig */,
			);
			path = Pods;
			sourceTree = "<group>";
		};
/* End PBXGroup section */

/* Begin PBXNativeTarget section */
		39D212F7296BCB620023D0CF /* BangBangGokGok */ = {
			isa = PBXNativeTarget;
			buildConfigurationList = 39D2130C296BCB640023D0CF /* Build configuration list for PBXNativeTarget "BangBangGokGok" */;
			buildPhases = (
				8538BB787B794B635D1CA15E /* [CP] Check Pods Manifest.lock */,
				39D212F4296BCB620023D0CF /* Sources */,
				39D212F5296BCB620023D0CF /* Frameworks */,
				39D212F6296BCB620023D0CF /* Resources */,
				B7367E9DE931487C8213094D /* [CP] Embed Pods Frameworks */,
			);
			buildRules = (
			);
			dependencies = (
			);
			name = BangBangGokGok;
			productName = BangBangGokGok;
			productReference = 39D212F8296BCB620023D0CF /* BangBangGokGok.app */;
			productType = "com.apple.product-type.application";
		};
/* End PBXNativeTarget section */

/* Begin PBXProject section */
		39D212F0296BCB620023D0CF /* Project object */ = {
			isa = PBXProject;
			attributes = {
				BuildIndependentTargetsInParallel = 1;
				LastSwiftUpdateCheck = 1420;
				LastUpgradeCheck = 1420;
				TargetAttributes = {
					39D212F7296BCB620023D0CF = {
						CreatedOnToolsVersion = 14.2;
					};
				};
			};
			buildConfigurationList = 39D212F3296BCB620023D0CF /* Build configuration list for PBXProject "BangBangGokGok" */;
			compatibilityVersion = "Xcode 14.0";
			developmentRegion = en;
			hasScannedForEncodings = 0;
			knownRegions = (
				en,
				Base,
			);
			mainGroup = 39D212EF296BCB620023D0CF;
			productRefGroup = 39D212F9296BCB620023D0CF /* Products */;
			projectDirPath = "";
			projectRoot = "";
			targets = (
				39D212F7296BCB620023D0CF /* BangBangGokGok */,
			);
		};
/* End PBXProject section */

/* Begin PBXResourcesBuildPhase section */
		39D212F6296BCB620023D0CF /* Resources */ = {
			isa = PBXResourcesBuildPhase;
			buildActionMask = 2147483647;
			files = (
				39D21308296BCB640023D0CF /* LaunchScreen.storyboard in Resources */,
				39D21305296BCB640023D0CF /* Assets.xcassets in Resources */,
				39D21303296BCB620023D0CF /* Main.storyboard in Resources */,
			);
			runOnlyForDeploymentPostprocessing = 0;
		};
/* End PBXResourcesBuildPhase section */

/* Begin PBXShellScriptBuildPhase section */
		8538BB787B794B635D1CA15E /* [CP] Check Pods Manifest.lock */ = {
			isa = PBXShellScriptBuildPhase;
			buildActionMask = 2147483647;
			files = (
			);
			inputFileListPaths = (
			);
			inputPaths = (
				"${PODS_PODFILE_DIR_PATH}/Podfile.lock",
				"${PODS_ROOT}/Manifest.lock",
			);
			name = "[CP] Check Pods Manifest.lock";
			outputFileListPaths = (
			);
			outputPaths = (
				"$(DERIVED_FILE_DIR)/Pods-BangBangGokGok-checkManifestLockResult.txt",
			);
			runOnlyForDeploymentPostprocessing = 0;
			shellPath = /bin/sh;
			shellScript = "diff \"${PODS_PODFILE_DIR_PATH}/Podfile.lock\" \"${PODS_ROOT}/Manifest.lock\" > /dev/null\nif [ $? != 0 ] ; then\n    # print error to STDERR\n    echo \"error: The sandbox is not in sync with the Podfile.lock. Run 'pod install' or update your CocoaPods installation.\" >&2\n    exit 1\nfi\n# This output is used by Xcode 'outputs' to avoid re-running this script phase.\necho \"SUCCESS\" > \"${SCRIPT_OUTPUT_FILE_0}\"\n";
			showEnvVarsInLog = 0;
		};
		B7367E9DE931487C8213094D /* [CP] Embed Pods Frameworks */ = {
			isa = PBXShellScriptBuildPhase;
			buildActionMask = 2147483647;
			files = (
			);
			inputFileListPaths = (
				"${PODS_ROOT}/Target Support Files/Pods-BangBangGokGok/Pods-BangBangGokGok-frameworks-${CONFIGURATION}-input-files.xcfilelist",
			);
			name = "[CP] Embed Pods Frameworks";
			outputFileListPaths = (
				"${PODS_ROOT}/Target Support Files/Pods-BangBangGokGok/Pods-BangBangGokGok-frameworks-${CONFIGURATION}-output-files.xcfilelist",
			);
			runOnlyForDeploymentPostprocessing = 0;
			shellPath = /bin/sh;
			shellScript = "\"${PODS_ROOT}/Target Support Files/Pods-BangBangGokGok/Pods-BangBangGokGok-frameworks.sh\"\n";
			showEnvVarsInLog = 0;
		};
/* End PBXShellScriptBuildPhase section */

/* Begin PBXSourcesBuildPhase section */
		39D212F4296BCB620023D0CF /* Sources */ = {
			isa = PBXSourcesBuildPhase;
			buildActionMask = 2147483647;
			files = (
				396EC0902A42BAF90076C993 /* TripPlanningViewController.swift in Sources */,
				394EFBAE2A16561C0030509C /* RecommendCityCell.swift in Sources */,
				39B45C992A43F9270058FE1A /* GallryViewController.swift in Sources */,
				396EC0972A436CA50076C993 /* PlanningCitiesTableViewController.swift in Sources */,
				396AF7DF29FA6293006B0CCD /* VisitedCitiesViewController.swift in Sources */,
				39D21300296BCB620023D0CF /* SignInViewController.swift in Sources */,
				39D212FC296BCB620023D0CF /* AppDelegate.swift in Sources */,
				396AF7E329FA7260006B0CCD /* RecommendCityViewController.swift in Sources */,
				393F08432987AA3400CE88E4 /* SignUpViewController.swift in Sources */,
				3954A1CD2A0B5EFA008F512A /* HomeViewController.swift in Sources */,
				39B45CA42A442ED90058FE1A /* RecommendRegionsViewController.swift in Sources */,
				39712CA629FA252C006963FE /* TabBarController.swift in Sources */,
				39B45C9B2A43FF310058FE1A /* GalleryViewCell.swift in Sources */,
				39B45CA02A441B950058FE1A /* DetailGalleryViewController.swift in Sources */,
				39236F4F29DC68D5009DCCF4 /* MapViewController.swift in Sources */,
				39B45CA22A441CD50058FE1A /* DetailImage.swift in Sources */,
				396EC0992A43DFF20076C993 /* SearchingViewController.swift in Sources */,
				39D212FE296BCB620023D0CF /* SceneDelegate.swift in Sources */,
				39E9DD162A0CCDDD00F1AD86 /* VisitedPlacesViewController.swift in Sources */,
				39B45CA62A442EF70058FE1A /* RecommendRegionsCollectionViewCell.swift in Sources */,
			);
			runOnlyForDeploymentPostprocessing = 0;
		};
/* End PBXSourcesBuildPhase section */

/* Begin PBXVariantGroup section */
		39D21301296BCB620023D0CF /* Main.storyboard */ = {
			isa = PBXVariantGroup;
			children = (
				39D21302296BCB620023D0CF /* Base */,
			);
			name = Main.storyboard;
			sourceTree = "<group>";
		};
		39D21306296BCB640023D0CF /* LaunchScreen.storyboard */ = {
			isa = PBXVariantGroup;
			children = (
				39D21307296BCB640023D0CF /* Base */,
			);
			name = LaunchScreen.storyboard;
			sourceTree = "<group>";
		};
/* End PBXVariantGroup section */

/* Begin XCBuildConfiguration section */
		39D2130A296BCB640023D0CF /* Debug */ = {
			isa = XCBuildConfiguration;
			buildSettings = {
				ALWAYS_SEARCH_USER_PATHS = NO;
				CLANG_ANALYZER_NONNULL = YES;
				CLANG_ANALYZER_NUMBER_OBJECT_CONVERSION = YES_AGGRESSIVE;
				CLANG_CXX_LANGUAGE_STANDARD = "gnu++20";
				CLANG_ENABLE_MODULES = YES;
				CLANG_ENABLE_OBJC_ARC = YES;
				CLANG_ENABLE_OBJC_WEAK = YES;
				CLANG_WARN_BLOCK_CAPTURE_AUTORELEASING = YES;
				CLANG_WARN_BOOL_CONVERSION = YES;
				CLANG_WARN_COMMA = YES;
				CLANG_WARN_CONSTANT_CONVERSION = YES;
				CLANG_WARN_DEPRECATED_OBJC_IMPLEMENTATIONS = YES;
				CLANG_WARN_DIRECT_OBJC_ISA_USAGE = YES_ERROR;
				CLANG_WARN_DOCUMENTATION_COMMENTS = YES;
				CLANG_WARN_EMPTY_BODY = YES;
				CLANG_WARN_ENUM_CONVERSION = YES;
				CLANG_WARN_INFINITE_RECURSION = YES;
				CLANG_WARN_INT_CONVERSION = YES;
				CLANG_WARN_NON_LITERAL_NULL_CONVERSION = YES;
				CLANG_WARN_OBJC_IMPLICIT_RETAIN_SELF = YES;
				CLANG_WARN_OBJC_LITERAL_CONVERSION = YES;
				CLANG_WARN_OBJC_ROOT_CLASS = YES_ERROR;
				CLANG_WARN_QUOTED_INCLUDE_IN_FRAMEWORK_HEADER = YES;
				CLANG_WARN_RANGE_LOOP_ANALYSIS = YES;
				CLANG_WARN_STRICT_PROTOTYPES = YES;
				CLANG_WARN_SUSPICIOUS_MOVE = YES;
				CLANG_WARN_UNGUARDED_AVAILABILITY = YES_AGGRESSIVE;
				CLANG_WARN_UNREACHABLE_CODE = YES;
				CLANG_WARN__DUPLICATE_METHOD_MATCH = YES;
				COPY_PHASE_STRIP = NO;
				DEBUG_INFORMATION_FORMAT = dwarf;
				ENABLE_STRICT_OBJC_MSGSEND = YES;
				ENABLE_TESTABILITY = YES;
				GCC_C_LANGUAGE_STANDARD = gnu11;
				GCC_DYNAMIC_NO_PIC = NO;
				GCC_NO_COMMON_BLOCKS = YES;
				GCC_OPTIMIZATION_LEVEL = 0;
				GCC_PREPROCESSOR_DEFINITIONS = (
					"DEBUG=1",
					"$(inherited)",
				);
				GCC_WARN_64_TO_32_BIT_CONVERSION = YES;
				GCC_WARN_ABOUT_RETURN_TYPE = YES_ERROR;
				GCC_WARN_UNDECLARED_SELECTOR = YES;
				GCC_WARN_UNINITIALIZED_AUTOS = YES_AGGRESSIVE;
				GCC_WARN_UNUSED_FUNCTION = YES;
				GCC_WARN_UNUSED_VARIABLE = YES;
				IPHONEOS_DEPLOYMENT_TARGET = 16.2;
				MTL_ENABLE_DEBUG_INFO = INCLUDE_SOURCE;
				MTL_FAST_MATH = YES;
				ONLY_ACTIVE_ARCH = YES;
				SDKROOT = iphoneos;
				SWIFT_ACTIVE_COMPILATION_CONDITIONS = DEBUG;
				SWIFT_OPTIMIZATION_LEVEL = "-Onone";
			};
			name = Debug;
		};
		39D2130B296BCB640023D0CF /* Release */ = {
			isa = XCBuildConfiguration;
			buildSettings = {
				ALWAYS_SEARCH_USER_PATHS = NO;
				CLANG_ANALYZER_NONNULL = YES;
				CLANG_ANALYZER_NUMBER_OBJECT_CONVERSION = YES_AGGRESSIVE;
				CLANG_CXX_LANGUAGE_STANDARD = "gnu++20";
				CLANG_ENABLE_MODULES = YES;
				CLANG_ENABLE_OBJC_ARC = YES;
				CLANG_ENABLE_OBJC_WEAK = YES;
				CLANG_WARN_BLOCK_CAPTURE_AUTORELEASING = YES;
				CLANG_WARN_BOOL_CONVERSION = YES;
				CLANG_WARN_COMMA = YES;
				CLANG_WARN_CONSTANT_CONVERSION = YES;
				CLANG_WARN_DEPRECATED_OBJC_IMPLEMENTATIONS = YES;
				CLANG_WARN_DIRECT_OBJC_ISA_USAGE = YES_ERROR;
				CLANG_WARN_DOCUMENTATION_COMMENTS = YES;
				CLANG_WARN_EMPTY_BODY = YES;
				CLANG_WARN_ENUM_CONVERSION = YES;
				CLANG_WARN_INFINITE_RECURSION = YES;
				CLANG_WARN_INT_CONVERSION = YES;
				CLANG_WARN_NON_LITERAL_NULL_CONVERSION = YES;
				CLANG_WARN_OBJC_IMPLICIT_RETAIN_SELF = YES;
				CLANG_WARN_OBJC_LITERAL_CONVERSION = YES;
				CLANG_WARN_OBJC_ROOT_CLASS = YES_ERROR;
				CLANG_WARN_QUOTED_INCLUDE_IN_FRAMEWORK_HEADER = YES;
				CLANG_WARN_RANGE_LOOP_ANALYSIS = YES;
				CLANG_WARN_STRICT_PROTOTYPES = YES;
				CLANG_WARN_SUSPICIOUS_MOVE = YES;
				CLANG_WARN_UNGUARDED_AVAILABILITY = YES_AGGRESSIVE;
				CLANG_WARN_UNREACHABLE_CODE = YES;
				CLANG_WARN__DUPLICATE_METHOD_MATCH = YES;
				COPY_PHASE_STRIP = NO;
				DEBUG_INFORMATION_FORMAT = "dwarf-with-dsym";
				ENABLE_NS_ASSERTIONS = NO;
				ENABLE_STRICT_OBJC_MSGSEND = YES;
				GCC_C_LANGUAGE_STANDARD = gnu11;
				GCC_NO_COMMON_BLOCKS = YES;
				GCC_WARN_64_TO_32_BIT_CONVERSION = YES;
				GCC_WARN_ABOUT_RETURN_TYPE = YES_ERROR;
				GCC_WARN_UNDECLARED_SELECTOR = YES;
				GCC_WARN_UNINITIALIZED_AUTOS = YES_AGGRESSIVE;
				GCC_WARN_UNUSED_FUNCTION = YES;
				GCC_WARN_UNUSED_VARIABLE = YES;
				IPHONEOS_DEPLOYMENT_TARGET = 16.2;
				MTL_ENABLE_DEBUG_INFO = NO;
				MTL_FAST_MATH = YES;
				SDKROOT = iphoneos;
				SWIFT_COMPILATION_MODE = wholemodule;
				SWIFT_OPTIMIZATION_LEVEL = "-O";
				VALIDATE_PRODUCT = YES;
			};
			name = Release;
		};
		39D2130D296BCB640023D0CF /* Debug */ = {
			isa = XCBuildConfiguration;
			baseConfigurationReference = A17C96D363C383ECAB1A8CB6 /* Pods-BangBangGokGok.debug.xcconfig */;
			buildSettings = {
				ASSETCATALOG_COMPILER_APPICON_NAME = AppIcon;
				ASSETCATALOG_COMPILER_GLOBAL_ACCENT_COLOR_NAME = AccentColor;
				CODE_SIGN_STYLE = Automatic;
				CURRENT_PROJECT_VERSION = 1;
				DEVELOPMENT_TEAM = ADCRD9D3LZ;
				GENERATE_INFOPLIST_FILE = YES;
				INFOPLIST_FILE = BangBangGokGok/Info.plist;
				INFOPLIST_KEY_CFBundleDisplayName = "방방곡곡";
				INFOPLIST_KEY_LSApplicationCategoryType = "public.app-category.travel";
				INFOPLIST_KEY_UIApplicationSupportsIndirectInputEvents = YES;
				INFOPLIST_KEY_UILaunchStoryboardName = LaunchScreen;
				INFOPLIST_KEY_UIMainStoryboardFile = Main;
				INFOPLIST_KEY_UIStatusBarStyle = UIStatusBarStyleLightContent;
				INFOPLIST_KEY_UISupportedInterfaceOrientations = UIInterfaceOrientationPortrait;
				INFOPLIST_KEY_UISupportedInterfaceOrientations_iPad = "UIInterfaceOrientationPortrait UIInterfaceOrientationPortraitUpsideDown";
				LD_RUNPATH_SEARCH_PATHS = (
					"$(inherited)",
					"@executable_path/Frameworks",
				);
				MARKETING_VERSION = 1.0;
				PRODUCT_BUNDLE_IDENTIFIER = KwonTaewoo.BangBangGokGok;
				PRODUCT_NAME = "$(TARGET_NAME)";
				SWIFT_EMIT_LOC_STRINGS = YES;
				SWIFT_VERSION = 5.0;
				TARGETED_DEVICE_FAMILY = "1,2";
			};
			name = Debug;
		};
		39D2130E296BCB640023D0CF /* Release */ = {
			isa = XCBuildConfiguration;
			baseConfigurationReference = 5937E161A9B3601331412BE6 /* Pods-BangBangGokGok.release.xcconfig */;
			buildSettings = {
				ASSETCATALOG_COMPILER_APPICON_NAME = AppIcon;
				ASSETCATALOG_COMPILER_GLOBAL_ACCENT_COLOR_NAME = AccentColor;
				CODE_SIGN_STYLE = Automatic;
				CURRENT_PROJECT_VERSION = 1;
				DEVELOPMENT_TEAM = ADCRD9D3LZ;
				GENERATE_INFOPLIST_FILE = YES;
				INFOPLIST_FILE = BangBangGokGok/Info.plist;
				INFOPLIST_KEY_CFBundleDisplayName = "방방곡곡";
				INFOPLIST_KEY_LSApplicationCategoryType = "public.app-category.travel";
				INFOPLIST_KEY_UIApplicationSupportsIndirectInputEvents = YES;
				INFOPLIST_KEY_UILaunchStoryboardName = LaunchScreen;
				INFOPLIST_KEY_UIMainStoryboardFile = Main;
				INFOPLIST_KEY_UIStatusBarStyle = UIStatusBarStyleLightContent;
				INFOPLIST_KEY_UISupportedInterfaceOrientations = UIInterfaceOrientationPortrait;
				INFOPLIST_KEY_UISupportedInterfaceOrientations_iPad = "UIInterfaceOrientationPortrait UIInterfaceOrientationPortraitUpsideDown";
				LD_RUNPATH_SEARCH_PATHS = (
					"$(inherited)",
					"@executable_path/Frameworks",
				);
				MARKETING_VERSION = 1.0;
				PRODUCT_BUNDLE_IDENTIFIER = KwonTaewoo.BangBangGokGok;
				PRODUCT_NAME = "$(TARGET_NAME)";
				SWIFT_EMIT_LOC_STRINGS = YES;
				SWIFT_VERSION = 5.0;
				TARGETED_DEVICE_FAMILY = "1,2";
			};
			name = Release;
		};
/* End XCBuildConfiguration section */

/* Begin XCConfigurationList section */
		39D212F3296BCB620023D0CF /* Build configuration list for PBXProject "BangBangGokGok" */ = {
			isa = XCConfigurationList;
			buildConfigurations = (
				39D2130A296BCB640023D0CF /* Debug */,
				39D2130B296BCB640023D0CF /* Release */,
			);
			defaultConfigurationIsVisible = 0;
			defaultConfigurationName = Release;
		};
		39D2130C296BCB640023D0CF /* Build configuration list for PBXNativeTarget "BangBangGokGok" */ = {
			isa = XCConfigurationList;
			buildConfigurations = (
				39D2130D296BCB640023D0CF /* Debug */,
				39D2130E296BCB640023D0CF /* Release */,
			);
			defaultConfigurationIsVisible = 0;
			defaultConfigurationName = Release;
		};
/* End XCConfigurationList section */
	};
	rootObject = 39D212F0296BCB620023D0CF /* Project object */;
}
